
Microsoft Visual Studio Solution File, Format Version 12.00
# Visual Studio Version 16
VisualStudioVersion = 16.0.31112.23
MinimumVisualStudioVersion = 10.0.40219.1
Project("{9A19103F-16F7-4668-BE54-9A1E7A4F7556}") = "Simple Calculator", "Simple Calculator.csproj", "{77858644-34E4-4166-AC8A-E46F73D93391}"
EndProject
Project("{FAE04EC0-301F-11D3-BF4B-00C04F79EFBC}") = "SimpleCalculator.Test.Unit", "..\SimpleCalculator.Test.Unit\SimpleCalculator.Test.Unit.csproj", "{6BAAB330-7FDE-4F7E-A554-7152EC66FE79}"
EndProject
Global
	GlobalSection(SolutionConfigurationPlatforms) = preSolution
		Debug|Any CPU = Debug|Any CPU
		Release|Any CPU = Release|Any CPU
	EndGlobalSection
	GlobalSection(ProjectConfigurationPlatforms) = postSolution
		{77858644-34E4-4166-AC8A-E46F73D93391}.Debug|Any CPU.ActiveCfg = Debug|Any CPU
		{77858644-34E4-4166-AC8A-E46F73D93391}.Debug|Any CPU.Build.0 = Debug|Any CPU
		{77858644-34E4-4166-AC8A-E46F73D93391}.Release|Any CPU.ActiveCfg = Release|Any CPU
		{77858644-34E4-4166-AC8A-E46F73D93391}.Release|Any CPU.Build.0 = Release|Any CPU
		{6BAAB330-7FDE-4F7E-A554-7152EC66FE79}.Debug|Any CPU.ActiveCfg = Debug|Any CPU
		{6BAAB330-7FDE-4F7E-A554-7152EC66FE79}.Debug|Any CPU.Build.0 = Debug|Any CPU
		{6BAAB330-7FDE-4F7E-A554-7152EC66FE79}.Release|Any CPU.ActiveCfg = Release|Any CPU
		{6BAAB330-7FDE-4F7E-A554-7152EC66FE79}.Release|Any CPU.Build.0 = Release|Any CPU
	EndGlobalSection
	GlobalSection(SolutionProperties) = preSolution
		HideSolutionNode = FALSE
	EndGlobalSection
	GlobalSection(ExtensibilityGlobals) = postSolution
		SolutionGuid = {6ABC71E5-6052-4221-81AE-5E2816B5D42B}
	EndGlobalSection
EndGlobal
