
Microsoft Visual Studio Solution File, Format Version 12.00
# Visual Studio Version 16
VisualStudioVersion = 16.0.31112.23
MinimumVisualStudioVersion = 10.0.40219.1
Project("{FAE04EC0-301F-11D3-BF4B-00C04F79EFBC}") = "WordUnscramble", "WordUnscramble.csproj", "{AC3D7434-F6F2-44C2-8DA2-C2676C1F9AA1}"
EndProject
Global
	GlobalSection(SolutionConfigurationPlatforms) = preSolution
		Debug|Any CPU = Debug|Any CPU
		Release|Any CPU = Release|Any CPU
	EndGlobalSection
	GlobalSection(ProjectConfigurationPlatforms) = postSolution
		{AC3D7434-F6F2-44C2-8DA2-C2676C1F9AA1}.Debug|Any CPU.ActiveCfg = Debug|Any CPU
		{AC3D7434-F6F2-44C2-8DA2-C2676C1F9AA1}.Debug|Any CPU.Build.0 = Debug|Any CPU
		{AC3D7434-F6F2-44C2-8DA2-C2676C1F9AA1}.Release|Any CPU.ActiveCfg = Release|Any CPU
		{AC3D7434-F6F2-44C2-8DA2-C2676C1F9AA1}.Release|Any CPU.Build.0 = Release|Any CPU
	EndGlobalSection
	GlobalSection(SolutionProperties) = preSolution
		HideSolutionNode = FALSE
	EndGlobalSection
	GlobalSection(ExtensibilityGlobals) = postSolution
		SolutionGuid = {A23FF09B-1DC1-4E01-9F15-4EA639834F5C}
	EndGlobalSection
EndGlobal
